
Microsoft Visual Studio Solution File, Format Version 12.00
# Visual Studio Version 18
VisualStudioVersion = 18.3.11505.172 d18.3
MinimumVisualStudioVersion = 10.0.40219.1
Project("{FAE04EC0-301F-11D3-BF4B-00C04F79EFBC}") = "API_SIMPLE_CI_CD", "API_SIMPLE_CI_CD\API_SIMPLE_CI_CD.csproj", "{CDA24393-4D5C-4CCB-B323-1CB7E5518967}"
EndProject
Project("{FAE04EC0-301F-11D3-BF4B-00C04F79EFBC}") = "TestUnitaire", "TestUnitaire\TestUnitaire.csproj", "{BBBACB66-8CE0-4DA6-B448-259FCA8444FD}"
EndProject
Project("{2150E333-8FDC-42A3-9474-1A3956D46DE8}") = ".github", ".github", "{11AEC246-0F5E-4538-A74C-7452B89AD09C}"
EndProject
Project("{2150E333-8FDC-42A3-9474-1A3956D46DE8}") = "worflows", "worflows", "{C70090FE-1430-4247-8B5D-19C130F25E46}"
	ProjectSection(SolutionItems) = preProject
		test_built.yaml = test_built.yaml
	EndProjectSection
EndProject
Project("{2150E333-8FDC-42A3-9474-1A3956D46DE8}") = "Éléments de solution", "Éléments de solution", "{B8C20CE5-C652-492A-BC4B-E47ACC353033}"
	ProjectSection(SolutionItems) = preProject
		.gitignore = .gitignore
	EndProjectSection
EndProject
Global
	GlobalSection(SolutionConfigurationPlatforms) = preSolution
		Debug|Any CPU = Debug|Any CPU
		Release|Any CPU = Release|Any CPU
	EndGlobalSection
	GlobalSection(ProjectConfigurationPlatforms) = postSolution
		{CDA24393-4D5C-4CCB-B323-1CB7E5518967}.Debug|Any CPU.ActiveCfg = Debug|Any CPU
		{CDA24393-4D5C-4CCB-B323-1CB7E5518967}.Debug|Any CPU.Build.0 = Debug|Any CPU
		{CDA24393-4D5C-4CCB-B323-1CB7E5518967}.Release|Any CPU.ActiveCfg = Release|Any CPU
		{CDA24393-4D5C-4CCB-B323-1CB7E5518967}.Release|Any CPU.Build.0 = Release|Any CPU
		{BBBACB66-8CE0-4DA6-B448-259FCA8444FD}.Debug|Any CPU.ActiveCfg = Debug|Any CPU
		{BBBACB66-8CE0-4DA6-B448-259FCA8444FD}.Debug|Any CPU.Build.0 = Debug|Any CPU
		{BBBACB66-8CE0-4DA6-B448-259FCA8444FD}.Release|Any CPU.ActiveCfg = Release|Any CPU
		{BBBACB66-8CE0-4DA6-B448-259FCA8444FD}.Release|Any CPU.Build.0 = Release|Any CPU
	EndGlobalSection
	GlobalSection(SolutionProperties) = preSolution
		HideSolutionNode = FALSE
	EndGlobalSection
	GlobalSection(NestedProjects) = preSolution
		{C70090FE-1430-4247-8B5D-19C130F25E46} = {11AEC246-0F5E-4538-A74C-7452B89AD09C}
	EndGlobalSection
	GlobalSection(ExtensibilityGlobals) = postSolution
		SolutionGuid = {ADD7DB5C-4227-4FA0-A41D-4030A9375DC1}
	EndGlobalSection
EndGlobal
